
Microsoft Visual Studio Solution File, Format Version 12.00
# Visual Studio Version 17
VisualStudioVersion = 17.9.34902.65
MinimumVisualStudioVersion = 10.0.40219.1
Project("{FAE04EC0-301F-11D3-BF4B-00C04F79EFBC}") = "LongestSequence", "CodingExercises\LongestSequence.csproj", "{A0722771-2015-464B-886A-CDA5466A9E5C}"
EndProject
Project("{FAE04EC0-301F-11D3-BF4B-00C04F79EFBC}") = "Anagrams", "Anagrams\Anagrams.csproj", "{32E828F3-ED86-4532-8AF7-3A06C8668CFC}"
EndProject
Project("{FAE04EC0-301F-11D3-BF4B-00C04F79EFBC}") = "StarPyramid", "StarPyramid\StarPyramid.csproj", "{2C973916-EFDD-4A99-8D0D-A17EAE1CD0AE}"
EndProject
Project("{FAE04EC0-301F-11D3-BF4B-00C04F79EFBC}") = "StarPyramid2", "StarPyramid2\StarPyramid2.csproj", "{5A8CF6D0-2804-4445-8577-056E90495DA9}"
EndProject
Project("{FAE04EC0-301F-11D3-BF4B-00C04F79EFBC}") = "Diamond", "Diamond\Diamond.csproj", "{19D953FE-64E5-4ED7-B551-B2A75AF8B4D2}"
EndProject
Project("{FAE04EC0-301F-11D3-BF4B-00C04F79EFBC}") = "StringReversal", "StringReversal\StringReversal.csproj", "{23F919C8-AAF8-48A1-8ADA-198AC1789B5E}"
EndProject
Project("{FAE04EC0-301F-11D3-BF4B-00C04F79EFBC}") = "Palindrome", "Palindrome\Palindrome.csproj", "{B2A6B736-9FCE-4A22-B99B-2C2D0FB13164}"
EndProject
Global
	GlobalSection(SolutionConfigurationPlatforms) = preSolution
		Debug|Any CPU = Debug|Any CPU
		Release|Any CPU = Release|Any CPU
	EndGlobalSection
	GlobalSection(ProjectConfigurationPlatforms) = postSolution
		{A0722771-2015-464B-886A-CDA5466A9E5C}.Debug|Any CPU.ActiveCfg = Debug|Any CPU
		{A0722771-2015-464B-886A-CDA5466A9E5C}.Debug|Any CPU.Build.0 = Debug|Any CPU
		{A0722771-2015-464B-886A-CDA5466A9E5C}.Release|Any CPU.ActiveCfg = Release|Any CPU
		{A0722771-2015-464B-886A-CDA5466A9E5C}.Release|Any CPU.Build.0 = Release|Any CPU
		{32E828F3-ED86-4532-8AF7-3A06C8668CFC}.Debug|Any CPU.ActiveCfg = Debug|Any CPU
		{32E828F3-ED86-4532-8AF7-3A06C8668CFC}.Debug|Any CPU.Build.0 = Debug|Any CPU
		{32E828F3-ED86-4532-8AF7-3A06C8668CFC}.Release|Any CPU.ActiveCfg = Release|Any CPU
		{32E828F3-ED86-4532-8AF7-3A06C8668CFC}.Release|Any CPU.Build.0 = Release|Any CPU
		{2C973916-EFDD-4A99-8D0D-A17EAE1CD0AE}.Debug|Any CPU.ActiveCfg = Debug|Any CPU
		{2C973916-EFDD-4A99-8D0D-A17EAE1CD0AE}.Debug|Any CPU.Build.0 = Debug|Any CPU
		{2C973916-EFDD-4A99-8D0D-A17EAE1CD0AE}.Release|Any CPU.ActiveCfg = Release|Any CPU
		{2C973916-EFDD-4A99-8D0D-A17EAE1CD0AE}.Release|Any CPU.Build.0 = Release|Any CPU
		{5A8CF6D0-2804-4445-8577-056E90495DA9}.Debug|Any CPU.ActiveCfg = Debug|Any CPU
		{5A8CF6D0-2804-4445-8577-056E90495DA9}.Debug|Any CPU.Build.0 = Debug|Any CPU
		{5A8CF6D0-2804-4445-8577-056E90495DA9}.Release|Any CPU.ActiveCfg = Release|Any CPU
		{5A8CF6D0-2804-4445-8577-056E90495DA9}.Release|Any CPU.Build.0 = Release|Any CPU
		{19D953FE-64E5-4ED7-B551-B2A75AF8B4D2}.Debug|Any CPU.ActiveCfg = Debug|Any CPU
		{19D953FE-64E5-4ED7-B551-B2A75AF8B4D2}.Debug|Any CPU.Build.0 = Debug|Any CPU
		{19D953FE-64E5-4ED7-B551-B2A75AF8B4D2}.Release|Any CPU.ActiveCfg = Release|Any CPU
		{19D953FE-64E5-4ED7-B551-B2A75AF8B4D2}.Release|Any CPU.Build.0 = Release|Any CPU
		{23F919C8-AAF8-48A1-8ADA-198AC1789B5E}.Debug|Any CPU.ActiveCfg = Debug|Any CPU
		{23F919C8-AAF8-48A1-8ADA-198AC1789B5E}.Debug|Any CPU.Build.0 = Debug|Any CPU
		{23F919C8-AAF8-48A1-8ADA-198AC1789B5E}.Release|Any CPU.ActiveCfg = Release|Any CPU
		{23F919C8-AAF8-48A1-8ADA-198AC1789B5E}.Release|Any CPU.Build.0 = Release|Any CPU
		{B2A6B736-9FCE-4A22-B99B-2C2D0FB13164}.Debug|Any CPU.ActiveCfg = Debug|Any CPU
		{B2A6B736-9FCE-4A22-B99B-2C2D0FB13164}.Debug|Any CPU.Build.0 = Debug|Any CPU
		{B2A6B736-9FCE-4A22-B99B-2C2D0FB13164}.Release|Any CPU.ActiveCfg = Release|Any CPU
		{B2A6B736-9FCE-4A22-B99B-2C2D0FB13164}.Release|Any CPU.Build.0 = Release|Any CPU
	EndGlobalSection
	GlobalSection(SolutionProperties) = preSolution
		HideSolutionNode = FALSE
	EndGlobalSection
	GlobalSection(ExtensibilityGlobals) = postSolution
		SolutionGuid = {BC699BD0-FAB6-4DD7-B7DB-A3961B50ADCD}
	EndGlobalSection
EndGlobal
